# This file is @generated by PDM.
# It is not intended for manual editing.

[metadata]
groups = ["default"]
strategy = ["inherit_metadata"]
lock_version = "4.5.1"
content_hash = "sha256:52a52b1e034253a914687600194f65002715017f2d8adabc04e61b7a53fad628"

[[metadata.targets]]
requires_python = ">=3.14"

[[package]]
name = "click"
version = "8.5.0"
requires_python = ">=3.10"
summary = "Composable command line interface toolkit"
groups = ["default"]
files = [
    {file = "click-8.5.0-py3-none-any.whl", hash = "sha256:255bc9599cf7748b4b1a446ccc735421bd08a2ae529a8b88597d3de5664ee360"},
    {file = "click-8.5.0.tar.gz", hash = "sha256:ba0d2089de75ea0310e2dde03160e6ca10009947fb95a182f9b54021bb272e34"},
]

[[package]]
name = "fastexcel"
version = "0.21.0"
requires_python = ">=3.10"
summary = "A fast excel file reader for Python, written in Rust"
groups = ["default"]
dependencies = [
    "typing-extensions>=4.0.0; python_full_version < \"3.10\"",
]
files = [
    {file = "fastexcel-0.21.0-cp310-abi3-macosx_10_12_x86_64.whl", hash = "sha256:c3e7ab5d8c8b6c5a787aaf2b64604bd8b93b94694920a2ed731ea556a81d9a35"},
    {file = "fastexcel-0.21.0-cp310-abi3-macosx_11_0_arm64.whl", hash = "sha256:768b663728cb5f29e159428fdf3a3f74e379534c2f0304b300bd95039d482abe"},
    {file = "fastexcel-0.21.0-cp310-abi3-manylinux_2_17_aarch64.manylinux2014_aarch64.whl", hash = "sha256:3c6e66906fe3b9f68f94c4c94e2ac21b6eebd862b703983c8e0c009f91c71754"},
    {file = "fastexcel-0.21.0-cp310-abi3-manylinux_2_17_x86_64.manylinux2014_x86_64.whl", hash = "sha256:9ddb458fecbbf1804c0952155fb99d18025d86e345b57a5435e0553944f25578"},
    {file = "fastexcel-0.21.0-cp310-abi3-musllinux_1_2_aarch64.whl", hash = "sha256:0376944edf90c98008b49b200f7354122ba9abac6c21bab76487655738b041b7"},
    {file = "fastexcel-0.21.0-cp310-abi3-musllinux_1_2_x86_64.whl", hash = "sha256:e919a4eaa15330341744cfee33d1f87d041d08228ce68809790e3738e80811e8"},
    {file = "fastexcel-0.21.0-cp310-abi3-win_amd64.whl", hash = "sha256:e1db4666a0790b48c76bb5a43cda06ffecebb22706f9ac6b3f07bcb0e7336134"},
    {file = "fastexcel-0.21.0-cp310-abi3-win_arm64.whl", hash = "sha256:86af0a1e3c3d8657916ea434f11636df4e4b49e0cf665b4ea39349a83d4ca3c8"},
    {file = "fastexcel-0.21.0-cp314-cp314t-macosx_10_12_x86_64.whl", hash = "sha256:f6cf28f5f3fed1f34aa15bf021d2c04bf947720df70f54b131258c913bc3b4cf"},
    {file = "fastexcel-0.21.0-cp314-cp314t-macosx_11_0_arm64.whl", hash = "sha256:ef2a6953e8350966d32632e3bc064edaab64ea2899f2027e564269fa7d75fb58"},
    {file = "fastexcel-0.21.0-cp314-cp314t-manylinux_2_17_aarch64.manylinux2014_aarch64.whl", hash = "sha256:6f8fdbfd80647714a2b3d49de2517d0466f6c046aa215c16fb569c48aef8d0ee"},
    {file = "fastexcel-0.21.0-cp314-cp314t-manylinux_2_17_x86_64.manylinux2014_x86_64.whl", hash = "sha256:47c6f42b3b82a158e4e6c4e1ed53ba0b96cec132d1fed828c8411e6f6ba5caab"},
    {file = "fastexcel-0.21.0-cp314-cp314t-musllinux_1_2_aarch64.whl", hash = "sha256:bce27f751cf1661f823088e89c11375448d19e425e3c3aa993c356720305c873"},
    {file = "fastexcel-0.21.0-cp314-cp314t-musllinux_1_2_x86_64.whl", hash = "sha256:1a5742e598516734740ef4142cf3328d6ef6c8e43947d9a66d6a91a5d9bfa3ec"},
    {file = "fastexcel-0.21.0-cp314-cp314t-win_amd64.whl", hash = "sha256:fe52f6053aac6ff3b8cc879052b671af9cb3ada16853b1c8b4bcac44574e4c10"},
    {file = "fastexcel-0.21.0.tar.gz", hash = "sha256:07313c1267ab47ba639abf1122efd5985a1fb08efc996194f422ab17f06149c5"},
]

[[package]]
name = "polars"
version = "1.44.2"
requires_python = ">=3.10"
summary = "Blazingly fast DataFrame library"
groups = ["default"]
dependencies = [
    "polars-runtime-32==1.44.2",
]
files = [
    {file = "polars-1.44.2-py3-none-any.whl", hash = "sha256:1bb331f17a40d9d931101533dcd33637b66edc61eb377b07020dac16a0f0377b"},
    {file = "polars-1.44.2.tar.gz", hash = "sha256:86c8e26b6c2de8c8d344bb910b74dfc47b118ac3fe0f19b44909467990a0b281"},
]

[[package]]
name = "polars-runtime-32"
version = "1.44.2"
requires_python = ">=3.10"
summary = "Blazingly fast DataFrame library"
groups = ["default"]
files = [
    {file = "polars_runtime_32-1.44.2-cp310-abi3-macosx_10_12_x86_64.whl", hash = "sha256:1fd536720668ba203a16a20b08cd6b23057e407a0279cf36b2f35f879d6e3208"},
    {file = "polars_runtime_32-1.44.2-cp310-abi3-macosx_11_0_arm64.whl", hash = "sha256:e0fd43720c8222ae39919c8ff891636d53b352706087120e62f83544dd3ff782"},
    {file = "polars_runtime_32-1.44.2-cp310-abi3-manylinux_2_17_aarch64.manylinux2014_aarch64.whl", hash = "sha256:bbf9b45040291dc1c6c588c837019c33557bde25ec536562a9cca9e1f6dfcc45"},
    {file = "polars_runtime_32-1.44.2-cp310-abi3-manylinux_2_17_x86_64.manylinux2014_x86_64.whl", hash = "sha256:a1bafb441e99199a62c63bf1bbdc0ea09ee9776dbac2bf31452b5000fb1df2f7"},
    {file = "polars_runtime_32-1.44.2-cp310-abi3-musllinux_1_2_aarch64.whl", hash = "sha256:10c0c695a418407617b5159db7d9a21074a733e4c6d61275b6762f25cb31ca99"},
    {file = "polars_runtime_32-1.44.2-cp310-abi3-musllinux_1_2_x86_64.whl", hash = "sha256:c4a09fb14aad711526346efc0cb2015c2fd0555ce4118b6524e5debbaea65ff5"},
    {file = "polars_runtime_32-1.44.2-cp310-abi3-win_amd64.whl", hash = "sha256:8598e7a20efba70bb74978c7df7af7c606ff4d79b9b48fdd808250b189bc9a13"},
    {file = "polars_runtime_32-1.44.2-cp310-abi3-win_arm64.whl", hash = "sha256:d51040d3ab40157f6db3c62be59cab5b80fb3c8d158924769c4982a1c8eef730"},
    {file = "polars_runtime_32-1.44.2.tar.gz", hash = "sha256:b84842f7d621aaca7a52e165e19a24f89db45f8aa13744941430218419a14a67"},
]
